name: Patch P3 dual seconds clock

on:
  push:
    paths:
      - '.github/workflows/patch-p3-dual-clock.yml'

permissions:
  contents: write

jobs:
  patch:
    runs-on: ubuntu-latest
    steps:
      - uses: actions/checkout@v4
        with:
          fetch-depth: 0
      - name: Patch P3 Time clock reference
        shell: bash
        run: |
          python3 - <<'PY'
          from pathlib import Path

          css = r'''
          /* P3_DUAL_SECONDS_CLOCK_V1 */
          .p3-dual-clock{width:min(820px,calc(100% - 32px));margin:8px auto 4px;padding:10px 12px;border:1px solid #d5e0d1;border-radius:12px;background:#fff;box-shadow:0 2px 10px #183c3512;flex:none}
          .p3-dual-clock[hidden]{display:none!important}.p3-dual-clock-head{display:flex;align-items:center;justify-content:space-between;gap:10px;margin-bottom:8px}.p3-dual-clock-title{display:flex;align-items:baseline;gap:7px;min-width:0}.p3-dual-clock-title strong{font-size:13px}.p3-dual-clock-title span{font-size:10px;color:#6a7d6f}.p3-dual-clock-actions{display:flex;gap:6px;flex-wrap:wrap;justify-content:flex-end}.p3-dual-clock-actions button{min-height:30px;padding:5px 9px;font-size:10px;border-radius:999px}.p3-dual-clock-grid{display:grid;grid-template-columns:minmax(150px,.8fr) minmax(190px,1.2fr);gap:12px;align-items:center}.p3-dual-clock-card{min-width:0;display:flex;align-items:center;justify-content:center;border:1px solid #e0e7dc;border-radius:10px;background:#f8faf6;padding:8px;min-height:150px}.p3-dual-clock-card.is-hidden{display:none}.p3-dual-clock-grid.one-clock{grid-template-columns:minmax(0,1fr)}.p3-live-analogue{width:min(180px,100%);height:auto;display:block}.p3-live-digital{display:flex;flex-direction:column;align-items:center;justify-content:center;gap:5px;text-align:center}.p3-live-digital-main{font-size:clamp(31px,5vw,54px);line-height:1;font-weight:900;letter-spacing:.035em;font-variant-numeric:tabular-nums;color:#183c35;white-space:nowrap}.p3-live-digital-period{font-size:14px;font-weight:900;color:#24735e}.p3-live-digital-24{font-size:12px;font-weight:800;color:#687b6d;font-variant-numeric:tabular-nums}.p3-live-second-hand{stroke:#b43b32;stroke-width:2.5;stroke-linecap:round}.p3-live-minute-hand{stroke:#bc8c26;stroke-width:4;stroke-linecap:round}.p3-live-hour-hand{stroke:#183c35;stroke-width:7;stroke-linecap:round}
          @media(max-width:700px){.p3-dual-clock{width:calc(100% - 16px);padding:8px;margin-top:6px}.p3-dual-clock-head{align-items:flex-start;flex-direction:column}.p3-dual-clock-actions{width:100%;justify-content:flex-start}.p3-dual-clock-grid{grid-template-columns:minmax(118px,.9fr) minmax(145px,1.1fr);gap:7px}.p3-dual-clock-card{min-height:120px;padding:5px}.p3-live-analogue{width:min(135px,100%)}.p3-live-digital-main{font-size:clamp(24px,8vw,38px)}.p3-live-digital-period{font-size:11px}.p3-live-digital-24{font-size:10px}}
          '''

          js = r'''
          /* P3_DUAL_SECONDS_CLOCK_V1 */
          (()=>{
            const AKEY='p3-time-show-analogue-v1',DKEY='p3-time-show-digital-v1';
            let panel=null,analogueCard=null,digitalCard=null,analogueButton=null,digitalButton=null,digitalMain=null,digitalPeriod=null,digital24=null,hourHand=null,minuteHand=null,secondHand=null,timer=null;
            const read=(key)=>{try{return localStorage.getItem(key)!=='0';}catch{return true;}};
            const write=(key,value)=>{try{localStorage.setItem(key,value?'1':'0');}catch{}};
            let showAnalogue=read(AKEY),showDigital=read(DKEY);if(!showAnalogue&&!showDigital){showAnalogue=true;showDigital=true;}
            const pad=n=>String(n).padStart(2,'0');
            function analogueMarkup(){
              let ticks='';
              for(let i=0;i<60;i++){
                const a=i*Math.PI/30,x1=150+Math.sin(a)*(i%5===0?111:119),y1=150-Math.cos(a)*(i%5===0?111:119),x2=150+Math.sin(a)*126,y2=150-Math.cos(a)*126;
                ticks+=`<line x1="${x1}" y1="${y1}" x2="${x2}" y2="${y2}" stroke="#315a46" stroke-width="${i%5===0?3:1}"/>`;
                if(i%5===0){const n=i===0?12:i/5,x=150+Math.sin(a)*91,y=156-Math.cos(a)*91;ticks+=`<text x="${x}" y="${y}" text-anchor="middle" font-size="18" font-weight="800" fill="#183c35">${n}</text>`;}
              }
              return `<svg class="p3-live-analogue" viewBox="0 0 300 300" role="img" aria-label="Live analogue clock with seconds"><circle cx="150" cy="150" r="128" fill="#fff" stroke="#315a46" stroke-width="4"/>${ticks}<line id="p3LiveHour" class="p3-live-hour-hand" x1="150" y1="150" x2="150" y2="83"/><line id="p3LiveMinute" class="p3-live-minute-hand" x1="150" y1="150" x2="150" y2="50"/><line id="p3LiveSecond" class="p3-live-second-hand" x1="150" y1="162" x2="150" y2="42"/><circle cx="150" cy="150" r="7" fill="#183c35"/><circle cx="150" cy="150" r="3" fill="#b43b32"/></svg>`;
            }
            function ensurePanel(){
              if(panel&&panel.isConnected)return;
              const diagram=document.getElementById('diagram'),questionView=document.getElementById('questionView');if(!diagram||!questionView)return;
              panel=document.createElement('section');panel.id='p3DualClock';panel.className='p3-dual-clock';panel.setAttribute('aria-label','P3 live analogue and digital clock with seconds');
              panel.innerHTML=`<div class="p3-dual-clock-head"><div class="p3-dual-clock-title"><strong>Live clock · seconds</strong><span>Compare analogue and digital time</span></div><div class="p3-dual-clock-actions"><button type="button" id="p3ToggleAnalogue" aria-pressed="false"></button><button type="button" id="p3ToggleDigital" aria-pressed="false"></button></div></div><div class="p3-dual-clock-grid" id="p3DualClockGrid"><div class="p3-dual-clock-card" id="p3AnalogueCard">${analogueMarkup()}</div><div class="p3-dual-clock-card" id="p3DigitalCard"><div class="p3-live-digital"><div class="p3-live-digital-main" id="p3DigitalMain">--:--:--</div><div class="p3-live-digital-period" id="p3DigitalPeriod">--</div><div class="p3-live-digital-24" id="p3Digital24">24-hour: --:--:--</div></div></div></div>`;
              questionView.insertBefore(panel,diagram);
              analogueCard=panel.querySelector('#p3AnalogueCard');digitalCard=panel.querySelector('#p3DigitalCard');analogueButton=panel.querySelector('#p3ToggleAnalogue');digitalButton=panel.querySelector('#p3ToggleDigital');digitalMain=panel.querySelector('#p3DigitalMain');digitalPeriod=panel.querySelector('#p3DigitalPeriod');digital24=panel.querySelector('#p3Digital24');hourHand=panel.querySelector('#p3LiveHour');minuteHand=panel.querySelector('#p3LiveMinute');secondHand=panel.querySelector('#p3LiveSecond');
              analogueButton.onclick=()=>{if(showAnalogue&&!showDigital)showDigital=true;showAnalogue=!showAnalogue;write(AKEY,showAnalogue);write(DKEY,showDigital);syncVisibility();};
              digitalButton.onclick=()=>{if(showDigital&&!showAnalogue)showAnalogue=true;showDigital=!showDigital;write(AKEY,showAnalogue);write(DKEY,showDigital);syncVisibility();};
              syncVisibility();tick();
            }
            function isP3(){const grade=document.getElementById('grade');return !!grade&&String(grade.value)==='3';}
            function syncVisibility(){if(!panel)return;panel.hidden=!isP3();analogueCard?.classList.toggle('is-hidden',!showAnalogue);digitalCard?.classList.toggle('is-hidden',!showDigital);panel.querySelector('#p3DualClockGrid')?.classList.toggle('one-clock',showAnalogue!==showDigital);if(analogueButton){analogueButton.textContent=showAnalogue?'Hide analogue':'Show analogue';analogueButton.setAttribute('aria-pressed',String(!showAnalogue));}if(digitalButton){digitalButton.textContent=showDigital?'Hide digital':'Show digital';digitalButton.setAttribute('aria-pressed',String(!showDigital));}}
            function tick(){if(!panel||!panel.isConnected)return;const d=new Date(),h=d.getHours(),m=d.getMinutes(),s=d.getSeconds(),ms=d.getMilliseconds(),sec=s+ms/1000,min=m+sec/60,hour=(h%12)+min/60;hourHand?.setAttribute('transform',`rotate(${hour*30} 150 150)`);minuteHand?.setAttribute('transform',`rotate(${min*6} 150 150)`);secondHand?.setAttribute('transform',`rotate(${sec*6} 150 150)`);const h12=h%12||12;if(digitalMain)digitalMain.textContent=`${h12}:${pad(m)}:${pad(s)}`;if(digitalPeriod)digitalPeriod.textContent=h<12?'a.m.':'p.m.';if(digital24)digital24.textContent=`24-hour: ${pad(h)}:${pad(m)}:${pad(s)}`;}
            function boot(){ensurePanel();syncVisibility();const grade=document.getElementById('grade');grade?.addEventListener('change',()=>setTimeout(()=>{ensurePanel();syncVisibility();},0));const task=document.getElementById('task');task?.addEventListener('change',()=>setTimeout(()=>{ensurePanel();syncVisibility();},0));if(!timer)timer=setInterval(tick,200);const observer=new MutationObserver(()=>{if(!panel?.isConnected)ensurePanel();syncVisibility();});observer.observe(document.body,{childList:true,subtree:true});}
            if(document.readyState==='loading')document.addEventListener('DOMContentLoaded',boot,{once:true});else boot();
          })();
          '''

          # Keep source files future-proof.
          theme=Path('engine-src/theme.css')
          t=theme.read_text()
          if 'P3_DUAL_SECONDS_CLOCK_V1' not in t:
              theme.write_text(t+'\n'+css+'\n')
          runtime=Path('engine-src/runtime.js')
          r=runtime.read_text()
          if 'P3_DUAL_SECONDS_CLOCK_V1' not in r:
              runtime.write_text(r+'\n'+js+'\n')

          # Rebuild the self-contained engine and API template from source.
          # The standalone time.html is a retained deployment artefact, so patch it directly too.
          timefile=Path('public/time.html')
          h=timefile.read_text()
          if 'P3_DUAL_SECONDS_CLOCK_V1' not in h:
              style_close=h.find('</style>')
              if style_close < 0: raise SystemExit('Could not find style block in public/time.html')
              h=h[:style_close]+css+h[style_close:]
              runtime_marker='<script>const $=id=>document.getElementById(id);'
              pos=h.find(runtime_marker)
              if pos < 0: raise SystemExit('Could not find runtime script in public/time.html')
              h=h[:pos]+'<script>'+js+'</script>'+h[pos:]
              timefile.write_text(h)

          # Bump only the Time cache key on the GitHub Pages hub.
          index=Path('index.html')
          i=index.read_text()
          i=i.replace('fix=20260928-period-label-lanes-1&tts=', 'fix=20261007-p3-dual-clock-seconds-1&tts=')
          index.write_text(i)
          PY
          node scripts/assemble-engines.mjs
          rm -f .github/workflows/patch-p3-dual-clock.yml
          git config user.name "github-actions[bot]"
          git config user.email "41898282+github-actions[bot]@users.noreply.github.com"
          git add engine-src/theme.css engine-src/runtime.js public/time.html public/engines.html app/api/download/template.ts index.html .github/workflows/patch-p3-dual-clock.yml
          git commit -m "Add P3 analogue and digital seconds clock"
          git push
